
Microsoft Visual Studio Solution File, Format Version 12.00
# Visual Studio 15
VisualStudioVersion = 15.0.28307.168
MinimumVisualStudioVersion = 10.0.40219.1
Project("{FAE04EC0-301F-11D3-BF4B-00C04F79EFBC}") = "AdministracionWeb", "AdministracionWeb\AdministracionWeb.csproj", "{914AC39C-7A83-4D47-B58E-3E3F01322E79}"
EndProject
Global
	GlobalSection(SolutionConfigurationPlatforms) = preSolution
		Debug|Any CPU = Debug|Any CPU
		Release|Any CPU = Release|Any CPU
	EndGlobalSection
	GlobalSection(ProjectConfigurationPlatforms) = postSolution
		{914AC39C-7A83-4D47-B58E-3E3F01322E79}.Debug|Any CPU.ActiveCfg = Debug|Any CPU
		{914AC39C-7A83-4D47-B58E-3E3F01322E79}.Debug|Any CPU.Build.0 = Debug|Any CPU
		{914AC39C-7A83-4D47-B58E-3E3F01322E79}.Release|Any CPU.ActiveCfg = Release|Any CPU
		{914AC39C-7A83-4D47-B58E-3E3F01322E79}.Release|Any CPU.Build.0 = Release|Any CPU
	EndGlobalSection
	GlobalSection(SolutionProperties) = preSolution
		HideSolutionNode = FALSE
	EndGlobalSection
	GlobalSection(ExtensibilityGlobals) = postSolution
		SolutionGuid = {FB5F81AB-0FED-44B5-A050-7E6C770FD0EF}
	EndGlobalSection
EndGlobal
